
Microsoft Visual Studio Solution File, Format Version 12.00
# Visual Studio Version 17
VisualStudioVersion = 17.0.31903.59
MinimumVisualStudioVersion = 10.0.40219.1
Project("{2150E333-8FDC-42A3-9474-1A3956D46DE8}") = "src", "src", "{827E0CD3-B72D-47B6-A68D-7590B98EB39B}"
EndProject
Project("{FAE04EC0-301F-11D3-BF4B-00C04F79EFBC}") = "FluxJson.Core", "src\FluxJson.Core\FluxJson.Core.csproj", "{8075BAA7-9015-44C9-93D6-1815CC7A3764}"
EndProject
Project("{FAE04EC0-301F-11D3-BF4B-00C04F79EFBC}") = "FluxJson.Extensions", "src\FluxJson.Extensions\FluxJson.Extensions.csproj", "{B0828383-6133-48D3-8D38-D4137AB68959}"
EndProject
Project("{FAE04EC0-301F-11D3-BF4B-00C04F79EFBC}") = "FluxJson.Schema", "src\FluxJson.Schema\FluxJson.Schema.csproj", "{C8ECE542-E1CA-4444-9F19-07CBBC7FDC63}"
EndProject
Project("{FAE04EC0-301F-11D3-BF4B-00C04F79EFBC}") = "FluxJson.Benchmarks", "src\FluxJson.Benchmarks\FluxJson.Benchmarks.csproj", "{1BAAFABC-C80A-4F75-BEEB-457D3BDDA55D}"
EndProject
Project("{2150E333-8FDC-42A3-9474-1A3956D46DE8}") = "tests", "tests", "{0AB3BF05-4346-4AA6-1389-037BE0695223}"
EndProject
Project("{FAE04EC0-301F-11D3-BF4B-00C04F79EFBC}") = "FluxJson.Core.Tests", "tests\FluxJson.Core.Tests\FluxJson.Core.Tests.csproj", "{D5447D94-1B2F-4A0B-9C79-1A9AD35D9364}"
EndProject
Project("{FAE04EC0-301F-11D3-BF4B-00C04F79EFBC}") = "FluxJson.Integration.Tests", "tests\FluxJson.Integration.Tests\FluxJson.Integration.Tests.csproj", "{0F200B80-7B7A-46B1-9193-286294B76F12}"
EndProject
Project("{FAE04EC0-301F-11D3-BF4B-00C04F79EFBC}") = "FluxJson.Generator", "FluxJson.Generator\FluxJson.Generator.csproj", "{5F3C3034-8413-07C7-3938-C955DDD9E05D}"
EndProject
Global
	GlobalSection(SolutionConfigurationPlatforms) = preSolution
		Debug|Any CPU = Debug|Any CPU
		Debug|x64 = Debug|x64
		Debug|x86 = Debug|x86
		Release|Any CPU = Release|Any CPU
		Release|x64 = Release|x64
		Release|x86 = Release|x86
	EndGlobalSection
	GlobalSection(ProjectConfigurationPlatforms) = postSolution
		{8075BAA7-9015-44C9-93D6-1815CC7A3764}.Debug|Any CPU.ActiveCfg = Debug|Any CPU
		{8075BAA7-9015-44C9-93D6-1815CC7A3764}.Debug|Any CPU.Build.0 = Debug|Any CPU
		{8075BAA7-9015-44C9-93D6-1815CC7A3764}.Debug|x64.ActiveCfg = Debug|Any CPU
		{8075BAA7-9015-44C9-93D6-1815CC7A3764}.Debug|x64.Build.0 = Debug|Any CPU
		{8075BAA7-9015-44C9-93D6-1815CC7A3764}.Debug|x86.ActiveCfg = Debug|Any CPU
		{8075BAA7-9015-44C9-93D6-1815CC7A3764}.Debug|x86.Build.0 = Debug|Any CPU
		{8075BAA7-9015-44C9-93D6-1815CC7A3764}.Release|Any CPU.ActiveCfg = Release|Any CPU
		{8075BAA7-9015-44C9-93D6-1815CC7A3764}.Release|Any CPU.Build.0 = Release|Any CPU
		{8075BAA7-9015-44C9-93D6-1815CC7A3764}.Release|x64.ActiveCfg = Release|Any CPU
		{8075BAA7-9015-44C9-93D6-1815CC7A3764}.Release|x64.Build.0 = Release|Any CPU
		{8075BAA7-9015-44C9-93D6-1815CC7A3764}.Release|x86.ActiveCfg = Release|Any CPU
		{8075BAA7-9015-44C9-93D6-1815CC7A3764}.Release|x86.Build.0 = Release|Any CPU
		{B0828383-6133-48D3-8D38-D4137AB68959}.Debug|Any CPU.ActiveCfg = Debug|Any CPU
		{B0828383-6133-48D3-8D38-D4137AB68959}.Debug|Any CPU.Build.0 = Debug|Any CPU
		{B0828383-6133-48D3-8D38-D4137AB68959}.Debug|x64.ActiveCfg = Debug|Any CPU
		{B0828383-6133-48D3-8D38-D4137AB68959}.Debug|x64.Build.0 = Debug|Any CPU
		{B0828383-6133-48D3-8D38-D4137AB68959}.Debug|x86.ActiveCfg = Debug|Any CPU
		{B0828383-6133-48D3-8D38-D4137AB68959}.Debug|x86.Build.0 = Debug|Any CPU
		{B0828383-6133-48D3-8D38-D4137AB68959}.Release|Any CPU.ActiveCfg = Release|Any CPU
		{B0828383-6133-48D3-8D38-D4137AB68959}.Release|Any CPU.Build.0 = Release|Any CPU
		{B0828383-6133-48D3-8D38-D4137AB68959}.Release|x64.ActiveCfg = Release|Any CPU
		{B0828383-6133-48D3-8D38-D4137AB68959}.Release|x64.Build.0 = Release|Any CPU
		{B0828383-6133-48D3-8D38-D4137AB68959}.Release|x86.ActiveCfg = Release|Any CPU
		{B0828383-6133-48D3-8D38-D4137AB68959}.Release|x86.Build.0 = Release|Any CPU
		{C8ECE542-E1CA-4444-9F19-07CBBC7FDC63}.Debug|Any CPU.ActiveCfg = Debug|Any CPU
		{C8ECE542-E1CA-4444-9F19-07CBBC7FDC63}.Debug|Any CPU.Build.0 = Debug|Any CPU
		{C8ECE542-E1CA-4444-9F19-07CBBC7FDC63}.Debug|x64.ActiveCfg = Debug|Any CPU
		{C8ECE542-E1CA-4444-9F19-07CBBC7FDC63}.Debug|x64.Build.0 = Debug|Any CPU
		{C8ECE542-E1CA-4444-9F19-07CBBC7FDC63}.Debug|x86.ActiveCfg = Debug|Any CPU
		{C8ECE542-E1CA-4444-9F19-07CBBC7FDC63}.Debug|x86.Build.0 = Debug|Any CPU
		{C8ECE542-E1CA-4444-9F19-07CBBC7FDC63}.Release|Any CPU.ActiveCfg = Release|Any CPU
		{C8ECE542-E1CA-4444-9F19-07CBBC7FDC63}.Release|Any CPU.Build.0 = Release|Any CPU
		{C8ECE542-E1CA-4444-9F19-07CBBC7FDC63}.Release|x64.ActiveCfg = Release|Any CPU
		{C8ECE542-E1CA-4444-9F19-07CBBC7FDC63}.Release|x64.Build.0 = Release|Any CPU
		{C8ECE542-E1CA-4444-9F19-07CBBC7FDC63}.Release|x86.ActiveCfg = Release|Any CPU
		{C8ECE542-E1CA-4444-9F19-07CBBC7FDC63}.Release|x86.Build.0 = Release|Any CPU
		{1BAAFABC-C80A-4F75-BEEB-457D3BDDA55D}.Debug|Any CPU.ActiveCfg = Debug|Any CPU
		{1BAAFABC-C80A-4F75-BEEB-457D3BDDA55D}.Debug|Any CPU.Build.0 = Debug|Any CPU
		{1BAAFABC-C80A-4F75-BEEB-457D3BDDA55D}.Debug|x64.ActiveCfg = Debug|Any CPU
		{1BAAFABC-C80A-4F75-BEEB-457D3BDDA55D}.Debug|x64.Build.0 = Debug|Any CPU
		{1BAAFABC-C80A-4F75-BEEB-457D3BDDA55D}.Debug|x86.ActiveCfg = Debug|Any CPU
		{1BAAFABC-C80A-4F75-BEEB-457D3BDDA55D}.Debug|x86.Build.0 = Debug|Any CPU
		{1BAAFABC-C80A-4F75-BEEB-457D3BDDA55D}.Release|Any CPU.ActiveCfg = Release|Any CPU
		{1BAAFABC-C80A-4F75-BEEB-457D3BDDA55D}.Release|Any CPU.Build.0 = Release|Any CPU
		{1BAAFABC-C80A-4F75-BEEB-457D3BDDA55D}.Release|x64.ActiveCfg = Release|Any CPU
		{1BAAFABC-C80A-4F75-BEEB-457D3BDDA55D}.Release|x64.Build.0 = Release|Any CPU
		{1BAAFABC-C80A-4F75-BEEB-457D3BDDA55D}.Release|x86.ActiveCfg = Release|Any CPU
		{1BAAFABC-C80A-4F75-BEEB-457D3BDDA55D}.Release|x86.Build.0 = Release|Any CPU
		{D5447D94-1B2F-4A0B-9C79-1A9AD35D9364}.Debug|Any CPU.ActiveCfg = Debug|Any CPU
		{D5447D94-1B2F-4A0B-9C79-1A9AD35D9364}.Debug|Any CPU.Build.0 = Debug|Any CPU
		{D5447D94-1B2F-4A0B-9C79-1A9AD35D9364}.Debug|x64.ActiveCfg = Debug|Any CPU
		{D5447D94-1B2F-4A0B-9C79-1A9AD35D9364}.Debug|x64.Build.0 = Debug|Any CPU
		{D5447D94-1B2F-4A0B-9C79-1A9AD35D9364}.Debug|x86.ActiveCfg = Debug|Any CPU
		{D5447D94-1B2F-4A0B-9C79-1A9AD35D9364}.Debug|x86.Build.0 = Debug|Any CPU
		{D5447D94-1B2F-4A0B-9C79-1A9AD35D9364}.Release|Any CPU.ActiveCfg = Release|Any CPU
		{D5447D94-1B2F-4A0B-9C79-1A9AD35D9364}.Release|Any CPU.Build.0 = Release|Any CPU
		{D5447D94-1B2F-4A0B-9C79-1A9AD35D9364}.Release|x64.ActiveCfg = Release|Any CPU
		{D5447D94-1B2F-4A0B-9C79-1A9AD35D9364}.Release|x64.Build.0 = Release|Any CPU
		{D5447D94-1B2F-4A0B-9C79-1A9AD35D9364}.Release|x86.ActiveCfg = Release|Any CPU
		{D5447D94-1B2F-4A0B-9C79-1A9AD35D9364}.Release|x86.Build.0 = Release|Any CPU
		{0F200B80-7B7A-46B1-9193-286294B76F12}.Debug|Any CPU.ActiveCfg = Debug|Any CPU
		{0F200B80-7B7A-46B1-9193-286294B76F12}.Debug|Any CPU.Build.0 = Debug|Any CPU
		{0F200B80-7B7A-46B1-9193-286294B76F12}.Debug|x64.ActiveCfg = Debug|Any CPU
		{0F200B80-7B7A-46B1-9193-286294B76F12}.Debug|x64.Build.0 = Debug|Any CPU
		{0F200B80-7B7A-46B1-9193-286294B76F12}.Debug|x86.ActiveCfg = Debug|Any CPU
		{0F200B80-7B7A-46B1-9193-286294B76F12}.Debug|x86.Build.0 = Debug|Any CPU
		{0F200B80-7B7A-46B1-9193-286294B76F12}.Release|Any CPU.ActiveCfg = Release|Any CPU
		{0F200B80-7B7A-46B1-9193-286294B76F12}.Release|Any CPU.Build.0 = Release|Any CPU
		{0F200B80-7B7A-46B1-9193-286294B76F12}.Release|x64.ActiveCfg = Release|Any CPU
		{0F200B80-7B7A-46B1-9193-286294B76F12}.Release|x64.Build.0 = Release|Any CPU
		{0F200B80-7B7A-46B1-9193-286294B76F12}.Release|x86.ActiveCfg = Release|Any CPU
		{0F200B80-7B7A-46B1-9193-286294B76F12}.Release|x86.Build.0 = Release|Any CPU
		{5F3C3034-8413-07C7-3938-C955DDD9E05D}.Debug|Any CPU.ActiveCfg = Debug|Any CPU
		{5F3C3034-8413-07C7-3938-C955DDD9E05D}.Debug|Any CPU.Build.0 = Debug|Any CPU
		{5F3C3034-8413-07C7-3938-C955DDD9E05D}.Debug|x64.ActiveCfg = Debug|Any CPU
		{5F3C3034-8413-07C7-3938-C955DDD9E05D}.Debug|x64.Build.0 = Debug|Any CPU
		{5F3C3034-8413-07C7-3938-C955DDD9E05D}.Debug|x86.ActiveCfg = Debug|Any CPU
		{5F3C3034-8413-07C7-3938-C955DDD9E05D}.Debug|x86.Build.0 = Debug|Any CPU
		{5F3C3034-8413-07C7-3938-C955DDD9E05D}.Release|Any CPU.ActiveCfg = Release|Any CPU
		{5F3C3034-8413-07C7-3938-C955DDD9E05D}.Release|Any CPU.Build.0 = Release|Any CPU
		{5F3C3034-8413-07C7-3938-C955DDD9E05D}.Release|x64.ActiveCfg = Release|Any CPU
		{5F3C3034-8413-07C7-3938-C955DDD9E05D}.Release|x64.Build.0 = Release|Any CPU
		{5F3C3034-8413-07C7-3938-C955DDD9E05D}.Release|x86.ActiveCfg = Release|Any CPU
		{5F3C3034-8413-07C7-3938-C955DDD9E05D}.Release|x86.Build.0 = Release|Any CPU
	EndGlobalSection
	GlobalSection(SolutionProperties) = preSolution
		HideSolutionNode = FALSE
	EndGlobalSection
	GlobalSection(NestedProjects) = preSolution
		{8075BAA7-9015-44C9-93D6-1815CC7A3764} = {827E0CD3-B72D-47B6-A68D-7590B98EB39B}
		{B0828383-6133-48D3-8D38-D4137AB68959} = {827E0CD3-B72D-47B6-A68D-7590B98EB39B}
		{C8ECE542-E1CA-4444-9F19-07CBBC7FDC63} = {827E0CD3-B72D-47B6-A68D-7590B98EB39B}
		{1BAAFABC-C80A-4F75-BEEB-457D3BDDA55D} = {827E0CD3-B72D-47B6-A68D-7590B98EB39B}
		{D5447D94-1B2F-4A0B-9C79-1A9AD35D9364} = {0AB3BF05-4346-4AA6-1389-037BE0695223}
		{0F200B80-7B7A-46B1-9193-286294B76F12} = {0AB3BF05-4346-4AA6-1389-037BE0695223}
	EndGlobalSection
EndGlobal
